
Microsoft Visual Studio Solution File, Format Version 12.00
# Visual Studio Version 17
VisualStudioVersion = 17.8.34330.188
MinimumVisualStudioVersion = 10.0.40219.1
Project("{FAE04EC0-301F-11D3-BF4B-00C04F79EFBC}") = "Day2_Assignment 1", "Day2_Assignment 1.csproj", "{55FCC0AF-0979-4CB8-8587-FB9B7859CB22}"
EndProject
Global
	GlobalSection(SolutionConfigurationPlatforms) = preSolution
		Debug|Any CPU = Debug|Any CPU
		Release|Any CPU = Release|Any CPU
	EndGlobalSection
	GlobalSection(ProjectConfigurationPlatforms) = postSolution
		{55FCC0AF-0979-4CB8-8587-FB9B7859CB22}.Debug|Any CPU.ActiveCfg = Debug|Any CPU
		{55FCC0AF-0979-4CB8-8587-FB9B7859CB22}.Debug|Any CPU.Build.0 = Debug|Any CPU
		{55FCC0AF-0979-4CB8-8587-FB9B7859CB22}.Release|Any CPU.ActiveCfg = Release|Any CPU
		{55FCC0AF-0979-4CB8-8587-FB9B7859CB22}.Release|Any CPU.Build.0 = Release|Any CPU
	EndGlobalSection
	GlobalSection(SolutionProperties) = preSolution
		HideSolutionNode = FALSE
	EndGlobalSection
	GlobalSection(ExtensibilityGlobals) = postSolution
		SolutionGuid = {C383D076-ACC2-4DC1-B66B-C3FA821A9CF6}
	EndGlobalSection
EndGlobal
