
Microsoft Visual Studio Solution File, Format Version 12.00
# Visual Studio Version 17
VisualStudioVersion = 17.6.33815.320
MinimumVisualStudioVersion = 10.0.40219.1
Project("{FAE04EC0-301F-11D3-BF4B-00C04F79EFBC}") = "StudentArray", "StudentArray.csproj", "{BFDD32A8-D25B-4E0E-B329-948986126D80}"
EndProject
Global
	GlobalSection(SolutionConfigurationPlatforms) = preSolution
		Debug|Any CPU = Debug|Any CPU
		Release|Any CPU = Release|Any CPU
	EndGlobalSection
	GlobalSection(ProjectConfigurationPlatforms) = postSolution
		{BFDD32A8-D25B-4E0E-B329-948986126D80}.Debug|Any CPU.ActiveCfg = Debug|Any CPU
		{BFDD32A8-D25B-4E0E-B329-948986126D80}.Debug|Any CPU.Build.0 = Debug|Any CPU
		{BFDD32A8-D25B-4E0E-B329-948986126D80}.Release|Any CPU.ActiveCfg = Release|Any CPU
		{BFDD32A8-D25B-4E0E-B329-948986126D80}.Release|Any CPU.Build.0 = Release|Any CPU
	EndGlobalSection
	GlobalSection(SolutionProperties) = preSolution
		HideSolutionNode = FALSE
	EndGlobalSection
	GlobalSection(ExtensibilityGlobals) = postSolution
		SolutionGuid = {56935AB8-2A17-4048-BC8F-AD782D460B64}
	EndGlobalSection
EndGlobal
